{
  "name": "cascadestudio",
  "requires": true,
  "lockfileVersion": 1,
  "dependencies": {
    "golden-layout": {
      "version": "1.5.9",
      "resolved": "https://registry.npmjs.org/golden-layout/-/golden-layout-1.5.9.tgz",
      "integrity": "sha1-o5vB9qZ+b4hreXwBbdkk6UJrp38=",
      "requires": {
        "jquery": "*"
      }
    },
    "jquery": {
      "version": "3.5.1",
      "resolved": "https://registry.npmjs.org/jquery/-/jquery-3.5.1.tgz",
      "integrity": "sha512-XwIBPqcMn57FxfT+Go5pzySnm4KWkT1Tv7gjrpT1srtf8Weynl6R273VJ5GjkRb51IzMp5nbaPjJXMWeju2MKg=="
    },
    "monaco-editor": {
      "version": "0.20.0",
      "resolved": "https://registry.npmjs.org/monaco-editor/-/monaco-editor-0.20.0.tgz",
      "integrity": "sha512-hkvf4EtPJRMQlPC3UbMoRs0vTAFAYdzFQ+gpMb8A+9znae1c43q8Mab9iVsgTcg/4PNiLGGn3SlDIa8uvK1FIQ=="
    },
    "opencascade.js": {
      "version": "0.1.15",
      "resolved": "https://registry.npmjs.org/opencascade.js/-/opencascade.js-0.1.15.tgz",
      "integrity": "sha512-Xg3Po97wkNaBGjDR88+xI6vJPrxrAnF0eYZ1+jhIjy9p/GYp3fVi4zO4mL9H+F1aagd977XY5kHdScOlWiQfhQ=="
    },
    "three": {
      "version": "0.129.0",
      "resolved": "https://registry.npmjs.org/three/-/three-0.129.0.tgz",
      "integrity": "sha512-wiWio1yVRg2Oj6WEWsTHQo5eSzYpEwSBtPSi3OofNpvFbf26HFfb9kw4FZJNjII4qxzp0b1xLB11+tKkBGB1ZA=="
    },
    "tweakpane": {
      "version": "3.0.5",
      "resolved": "https://registry.npmjs.org/tweakpane/-/tweakpane-3.0.5.tgz",
      "integrity": "sha512-HivFjOs510RbZSNgxv4x5LVFsHFN1ryfgpOp3n6wrgg1jLxbdlA/UTIbTLi/DYH7g76rGQqW/+IRmHPfjIujpQ=="
    }
  }
}
